
Microsoft Visual Studio Solution File, Format Version 12.00
# Visual Studio Version 17
VisualStudioVersion = 17.4.33213.308
MinimumVisualStudioVersion = 10.0.40219.1
Project("{FAE04EC0-301F-11D3-BF4B-00C04F79EFBC}") = "mobilka.UWP", "mobilka\mobilka.UWP\mobilka.UWP.csproj", "{231025E7-3D77-4C5E-8C2C-801B75A75958}"
EndProject
Project("{FAE04EC0-301F-11D3-BF4B-00C04F79EFBC}") = "mobilka.Android", "mobilka\mobilka.Android\mobilka.Android.csproj", "{A1350FF6-AB35-4230-A45A-8C9509CC39CA}"
EndProject
Project("{FAE04EC0-301F-11D3-BF4B-00C04F79EFBC}") = "mobilka.iOS", "mobilka\mobilka.iOS\mobilka.iOS.csproj", "{35074DC2-09F1-4C61-A7D3-7DDDE8A2AAD8}"
EndProject
Project("{FAE04EC0-301F-11D3-BF4B-00C04F79EFBC}") = "mobilka", "mobilka\mobilka\mobilka.csproj", "{A39859A2-EA8F-4F82-BE62-2CD684E2DDAC}"
EndProject
Global
	GlobalSection(SolutionConfigurationPlatforms) = preSolution
		Debug|Any CPU = Debug|Any CPU
		Debug|ARM = Debug|ARM
		Debug|iPhone = Debug|iPhone
		Debug|iPhoneSimulator = Debug|iPhoneSimulator
		Debug|x64 = Debug|x64
		Debug|x86 = Debug|x86
		Release|Any CPU = Release|Any CPU
		Release|ARM = Release|ARM
		Release|iPhone = Release|iPhone
		Release|iPhoneSimulator = Release|iPhoneSimulator
		Release|x64 = Release|x64
		Release|x86 = Release|x86
	EndGlobalSection
	GlobalSection(ProjectConfigurationPlatforms) = postSolution
		{231025E7-3D77-4C5E-8C2C-801B75A75958}.Debug|Any CPU.ActiveCfg = Debug|x64
		{231025E7-3D77-4C5E-8C2C-801B75A75958}.Debug|Any CPU.Build.0 = Debug|x64
		{231025E7-3D77-4C5E-8C2C-801B75A75958}.Debug|Any CPU.Deploy.0 = Debug|x64
		{231025E7-3D77-4C5E-8C2C-801B75A75958}.Debug|ARM.ActiveCfg = Debug|ARM
		{231025E7-3D77-4C5E-8C2C-801B75A75958}.Debug|ARM.Build.0 = Debug|ARM
		{231025E7-3D77-4C5E-8C2C-801B75A75958}.Debug|ARM.Deploy.0 = Debug|ARM
		{231025E7-3D77-4C5E-8C2C-801B75A75958}.Debug|iPhone.ActiveCfg = Debug|x64
		{231025E7-3D77-4C5E-8C2C-801B75A75958}.Debug|iPhone.Build.0 = Debug|x64
		{231025E7-3D77-4C5E-8C2C-801B75A75958}.Debug|iPhone.Deploy.0 = Debug|x64
		{231025E7-3D77-4C5E-8C2C-801B75A75958}.Debug|iPhoneSimulator.ActiveCfg = Debug|x64
		{231025E7-3D77-4C5E-8C2C-801B75A75958}.Debug|iPhoneSimulator.Build.0 = Debug|x64
		{231025E7-3D77-4C5E-8C2C-801B75A75958}.Debug|iPhoneSimulator.Deploy.0 = Debug|x64
		{231025E7-3D77-4C5E-8C2C-801B75A75958}.Debug|x64.ActiveCfg = Debug|x64
		{231025E7-3D77-4C5E-8C2C-801B75A75958}.Debug|x64.Build.0 = Debug|x64
		{231025E7-3D77-4C5E-8C2C-801B75A75958}.Debug|x64.Deploy.0 = Debug|x64
		{231025E7-3D77-4C5E-8C2C-801B75A75958}.Debug|x86.ActiveCfg = Debug|x86
		{231025E7-3D77-4C5E-8C2C-801B75A75958}.Debug|x86.Build.0 = Debug|x86
		{231025E7-3D77-4C5E-8C2C-801B75A75958}.Debug|x86.Deploy.0 = Debug|x86
		{231025E7-3D77-4C5E-8C2C-801B75A75958}.Release|Any CPU.ActiveCfg = Release|x64
		{231025E7-3D77-4C5E-8C2C-801B75A75958}.Release|Any CPU.Build.0 = Release|x64
		{231025E7-3D77-4C5E-8C2C-801B75A75958}.Release|Any CPU.Deploy.0 = Release|x64
		{231025E7-3D77-4C5E-8C2C-801B75A75958}.Release|ARM.ActiveCfg = Release|ARM
		{231025E7-3D77-4C5E-8C2C-801B75A75958}.Release|ARM.Build.0 = Release|ARM
		{231025E7-3D77-4C5E-8C2C-801B75A75958}.Release|ARM.Deploy.0 = Release|ARM
		{231025E7-3D77-4C5E-8C2C-801B75A75958}.Release|iPhone.ActiveCfg = Release|x64
		{231025E7-3D77-4C5E-8C2C-801B75A75958}.Release|iPhone.Build.0 = Release|x64
		{231025E7-3D77-4C5E-8C2C-801B75A75958}.Release|iPhone.Deploy.0 = Release|x64
		{231025E7-3D77-4C5E-8C2C-801B75A75958}.Release|iPhoneSimulator.ActiveCfg = Release|x64
		{231025E7-3D77-4C5E-8C2C-801B75A75958}.Release|iPhoneSimulator.Build.0 = Release|x64
		{231025E7-3D77-4C5E-8C2C-801B75A75958}.Release|iPhoneSimulator.Deploy.0 = Release|x64
		{231025E7-3D77-4C5E-8C2C-801B75A75958}.Release|x64.ActiveCfg = Release|x64
		{231025E7-3D77-4C5E-8C2C-801B75A75958}.Release|x64.Build.0 = Release|x64
		{231025E7-3D77-4C5E-8C2C-801B75A75958}.Release|x64.Deploy.0 = Release|x64
		{231025E7-3D77-4C5E-8C2C-801B75A75958}.Release|x86.ActiveCfg = Release|x86
		{231025E7-3D77-4C5E-8C2C-801B75A75958}.Release|x86.Build.0 = Release|x86
		{231025E7-3D77-4C5E-8C2C-801B75A75958}.Release|x86.Deploy.0 = Release|x86
		{A1350FF6-AB35-4230-A45A-8C9509CC39CA}.Debug|Any CPU.ActiveCfg = Debug|Any CPU
		{A1350FF6-AB35-4230-A45A-8C9509CC39CA}.Debug|Any CPU.Build.0 = Debug|Any CPU
		{A1350FF6-AB35-4230-A45A-8C9509CC39CA}.Debug|Any CPU.Deploy.0 = Debug|Any CPU
		{A1350FF6-AB35-4230-A45A-8C9509CC39CA}.Debug|ARM.ActiveCfg = Debug|Any CPU
		{A1350FF6-AB35-4230-A45A-8C9509CC39CA}.Debug|ARM.Build.0 = Debug|Any CPU
		{A1350FF6-AB35-4230-A45A-8C9509CC39CA}.Debug|ARM.Deploy.0 = Debug|Any CPU
		{A1350FF6-AB35-4230-A45A-8C9509CC39CA}.Debug|iPhone.ActiveCfg = Debug|Any CPU
		{A1350FF6-AB35-4230-A45A-8C9509CC39CA}.Debug|iPhone.Build.0 = Debug|Any CPU
		{A1350FF6-AB35-4230-A45A-8C9509CC39CA}.Debug|iPhone.Deploy.0 = Debug|Any CPU
		{A1350FF6-AB35-4230-A45A-8C9509CC39CA}.Debug|iPhoneSimulator.ActiveCfg = Debug|Any CPU
		{A1350FF6-AB35-4230-A45A-8C9509CC39CA}.Debug|iPhoneSimulator.Build.0 = Debug|Any CPU
		{A1350FF6-AB35-4230-A45A-8C9509CC39CA}.Debug|iPhoneSimulator.Deploy.0 = Debug|Any CPU
		{A1350FF6-AB35-4230-A45A-8C9509CC39CA}.Debug|x64.ActiveCfg = Debug|Any CPU
		{A1350FF6-AB35-4230-A45A-8C9509CC39CA}.Debug|x64.Build.0 = Debug|Any CPU
		{A1350FF6-AB35-4230-A45A-8C9509CC39CA}.Debug|x64.Deploy.0 = Debug|Any CPU
		{A1350FF6-AB35-4230-A45A-8C9509CC39CA}.Debug|x86.ActiveCfg = Debug|Any CPU
		{A1350FF6-AB35-4230-A45A-8C9509CC39CA}.Debug|x86.Build.0 = Debug|Any CPU
		{A1350FF6-AB35-4230-A45A-8C9509CC39CA}.Debug|x86.Deploy.0 = Debug|Any CPU
		{A1350FF6-AB35-4230-A45A-8C9509CC39CA}.Release|Any CPU.ActiveCfg = Release|Any CPU
		{A1350FF6-AB35-4230-A45A-8C9509CC39CA}.Release|Any CPU.Build.0 = Release|Any CPU
		{A1350FF6-AB35-4230-A45A-8C9509CC39CA}.Release|Any CPU.Deploy.0 = Release|Any CPU
		{A1350FF6-AB35-4230-A45A-8C9509CC39CA}.Release|ARM.ActiveCfg = Release|Any CPU
		{A1350FF6-AB35-4230-A45A-8C9509CC39CA}.Release|ARM.Build.0 = Release|Any CPU
		{A1350FF6-AB35-4230-A45A-8C9509CC39CA}.Release|ARM.Deploy.0 = Release|Any CPU
		{A1350FF6-AB35-4230-A45A-8C9509CC39CA}.Release|iPhone.ActiveCfg = Release|Any CPU
		{A1350FF6-AB35-4230-A45A-8C9509CC39CA}.Release|iPhone.Build.0 = Release|Any CPU
		{A1350FF6-AB35-4230-A45A-8C9509CC39CA}.Release|iPhone.Deploy.0 = Release|Any CPU
		{A1350FF6-AB35-4230-A45A-8C9509CC39CA}.Release|iPhoneSimulator.ActiveCfg = Release|Any CPU
		{A1350FF6-AB35-4230-A45A-8C9509CC39CA}.Release|iPhoneSimulator.Build.0 = Release|Any CPU
		{A1350FF6-AB35-4230-A45A-8C9509CC39CA}.Release|iPhoneSimulator.Deploy.0 = Release|Any CPU
		{A1350FF6-AB35-4230-A45A-8C9509CC39CA}.Release|x64.ActiveCfg = Release|Any CPU
		{A1350FF6-AB35-4230-A45A-8C9509CC39CA}.Release|x64.Build.0 = Release|Any CPU
		{A1350FF6-AB35-4230-A45A-8C9509CC39CA}.Release|x64.Deploy.0 = Release|Any CPU
		{A1350FF6-AB35-4230-A45A-8C9509CC39CA}.Release|x86.ActiveCfg = Release|Any CPU
		{A1350FF6-AB35-4230-A45A-8C9509CC39CA}.Release|x86.Build.0 = Release|Any CPU
		{A1350FF6-AB35-4230-A45A-8C9509CC39CA}.Release|x86.Deploy.0 = Release|Any CPU
		{35074DC2-09F1-4C61-A7D3-7DDDE8A2AAD8}.Debug|Any CPU.ActiveCfg = Debug|iPhoneSimulator
		{35074DC2-09F1-4C61-A7D3-7DDDE8A2AAD8}.Debug|Any CPU.Build.0 = Debug|iPhoneSimulator
		{35074DC2-09F1-4C61-A7D3-7DDDE8A2AAD8}.Debug|Any CPU.Deploy.0 = Debug|iPhoneSimulator
		{35074DC2-09F1-4C61-A7D3-7DDDE8A2AAD8}.Debug|ARM.ActiveCfg = Debug|iPhoneSimulator
		{35074DC2-09F1-4C61-A7D3-7DDDE8A2AAD8}.Debug|ARM.Build.0 = Debug|iPhoneSimulator
		{35074DC2-09F1-4C61-A7D3-7DDDE8A2AAD8}.Debug|ARM.Deploy.0 = Debug|iPhoneSimulator
		{35074DC2-09F1-4C61-A7D3-7DDDE8A2AAD8}.Debug|iPhone.ActiveCfg = Debug|iPhone
		{35074DC2-09F1-4C61-A7D3-7DDDE8A2AAD8}.Debug|iPhone.Build.0 = Debug|iPhone
		{35074DC2-09F1-4C61-A7D3-7DDDE8A2AAD8}.Debug|iPhone.Deploy.0 = Debug|iPhone
		{35074DC2-09F1-4C61-A7D3-7DDDE8A2AAD8}.Debug|iPhoneSimulator.ActiveCfg = Debug|iPhoneSimulator
		{35074DC2-09F1-4C61-A7D3-7DDDE8A2AAD8}.Debug|iPhoneSimulator.Build.0 = Debug|iPhoneSimulator
		{35074DC2-09F1-4C61-A7D3-7DDDE8A2AAD8}.Debug|iPhoneSimulator.Deploy.0 = Debug|iPhoneSimulator
		{35074DC2-09F1-4C61-A7D3-7DDDE8A2AAD8}.Debug|x64.ActiveCfg = Debug|iPhone
		{35074DC2-09F1-4C61-A7D3-7DDDE8A2AAD8}.Debug|x64.Build.0 = Debug|iPhone
		{35074DC2-09F1-4C61-A7D3-7DDDE8A2AAD8}.Debug|x64.Deploy.0 = Debug|iPhone
		{35074DC2-09F1-4C61-A7D3-7DDDE8A2AAD8}.Debug|x86.ActiveCfg = Debug|iPhoneSimulator
		{35074DC2-09F1-4C61-A7D3-7DDDE8A2AAD8}.Debug|x86.Build.0 = Debug|iPhoneSimulator
		{35074DC2-09F1-4C61-A7D3-7DDDE8A2AAD8}.Debug|x86.Deploy.0 = Debug|iPhoneSimulator
		{35074DC2-09F1-4C61-A7D3-7DDDE8A2AAD8}.Release|Any CPU.ActiveCfg = Release|iPhoneSimulator
		{35074DC2-09F1-4C61-A7D3-7DDDE8A2AAD8}.Release|Any CPU.Build.0 = Release|iPhoneSimulator
		{35074DC2-09F1-4C61-A7D3-7DDDE8A2AAD8}.Release|Any CPU.Deploy.0 = Release|iPhoneSimulator
		{35074DC2-09F1-4C61-A7D3-7DDDE8A2AAD8}.Release|ARM.ActiveCfg = Release|iPhoneSimulator
		{35074DC2-09F1-4C61-A7D3-7DDDE8A2AAD8}.Release|ARM.Build.0 = Release|iPhoneSimulator
		{35074DC2-09F1-4C61-A7D3-7DDDE8A2AAD8}.Release|ARM.Deploy.0 = Release|iPhoneSimulator
		{35074DC2-09F1-4C61-A7D3-7DDDE8A2AAD8}.Release|iPhone.ActiveCfg = Release|iPhone
		{35074DC2-09F1-4C61-A7D3-7DDDE8A2AAD8}.Release|iPhone.Build.0 = Release|iPhone
		{35074DC2-09F1-4C61-A7D3-7DDDE8A2AAD8}.Release|iPhone.Deploy.0 = Release|iPhone
		{35074DC2-09F1-4C61-A7D3-7DDDE8A2AAD8}.Release|iPhoneSimulator.ActiveCfg = Release|iPhoneSimulator
		{35074DC2-09F1-4C61-A7D3-7DDDE8A2AAD8}.Release|iPhoneSimulator.Build.0 = Release|iPhoneSimulator
		{35074DC2-09F1-4C61-A7D3-7DDDE8A2AAD8}.Release|iPhoneSimulator.Deploy.0 = Release|iPhoneSimulator
		{35074DC2-09F1-4C61-A7D3-7DDDE8A2AAD8}.Release|x64.ActiveCfg = Release|iPhoneSimulator
		{35074DC2-09F1-4C61-A7D3-7DDDE8A2AAD8}.Release|x64.Build.0 = Release|iPhoneSimulator
		{35074DC2-09F1-4C61-A7D3-7DDDE8A2AAD8}.Release|x64.Deploy.0 = Release|iPhoneSimulator
		{35074DC2-09F1-4C61-A7D3-7DDDE8A2AAD8}.Release|x86.ActiveCfg = Release|iPhoneSimulator
		{35074DC2-09F1-4C61-A7D3-7DDDE8A2AAD8}.Release|x86.Build.0 = Release|iPhoneSimulator
		{35074DC2-09F1-4C61-A7D3-7DDDE8A2AAD8}.Release|x86.Deploy.0 = Release|iPhoneSimulator
		{A39859A2-EA8F-4F82-BE62-2CD684E2DDAC}.Debug|Any CPU.ActiveCfg = Debug|Any CPU
		{A39859A2-EA8F-4F82-BE62-2CD684E2DDAC}.Debug|Any CPU.Build.0 = Debug|Any CPU
		{A39859A2-EA8F-4F82-BE62-2CD684E2DDAC}.Debug|Any CPU.Deploy.0 = Debug|Any CPU
		{A39859A2-EA8F-4F82-BE62-2CD684E2DDAC}.Debug|ARM.ActiveCfg = Debug|Any CPU
		{A39859A2-EA8F-4F82-BE62-2CD684E2DDAC}.Debug|ARM.Build.0 = Debug|Any CPU
		{A39859A2-EA8F-4F82-BE62-2CD684E2DDAC}.Debug|ARM.Deploy.0 = Debug|Any CPU
		{A39859A2-EA8F-4F82-BE62-2CD684E2DDAC}.Debug|iPhone.ActiveCfg = Debug|Any CPU
		{A39859A2-EA8F-4F82-BE62-2CD684E2DDAC}.Debug|iPhone.Build.0 = Debug|Any CPU
		{A39859A2-EA8F-4F82-BE62-2CD684E2DDAC}.Debug|iPhone.Deploy.0 = Debug|Any CPU
		{A39859A2-EA8F-4F82-BE62-2CD684E2DDAC}.Debug|iPhoneSimulator.ActiveCfg = Debug|Any CPU
		{A39859A2-EA8F-4F82-BE62-2CD684E2DDAC}.Debug|iPhoneSimulator.Build.0 = Debug|Any CPU
		{A39859A2-EA8F-4F82-BE62-2CD684E2DDAC}.Debug|iPhoneSimulator.Deploy.0 = Debug|Any CPU
		{A39859A2-EA8F-4F82-BE62-2CD684E2DDAC}.Debug|x64.ActiveCfg = Debug|Any CPU
		{A39859A2-EA8F-4F82-BE62-2CD684E2DDAC}.Debug|x64.Build.0 = Debug|Any CPU
		{A39859A2-EA8F-4F82-BE62-2CD684E2DDAC}.Debug|x64.Deploy.0 = Debug|Any CPU
		{A39859A2-EA8F-4F82-BE62-2CD684E2DDAC}.Debug|x86.ActiveCfg = Debug|Any CPU
		{A39859A2-EA8F-4F82-BE62-2CD684E2DDAC}.Debug|x86.Build.0 = Debug|Any CPU
		{A39859A2-EA8F-4F82-BE62-2CD684E2DDAC}.Debug|x86.Deploy.0 = Debug|Any CPU
		{A39859A2-EA8F-4F82-BE62-2CD684E2DDAC}.Release|Any CPU.ActiveCfg = Release|Any CPU
		{A39859A2-EA8F-4F82-BE62-2CD684E2DDAC}.Release|Any CPU.Build.0 = Release|Any CPU
		{A39859A2-EA8F-4F82-BE62-2CD684E2DDAC}.Release|Any CPU.Deploy.0 = Release|Any CPU
		{A39859A2-EA8F-4F82-BE62-2CD684E2DDAC}.Release|ARM.ActiveCfg = Release|Any CPU
		{A39859A2-EA8F-4F82-BE62-2CD684E2DDAC}.Release|ARM.Build.0 = Release|Any CPU
		{A39859A2-EA8F-4F82-BE62-2CD684E2DDAC}.Release|ARM.Deploy.0 = Release|Any CPU
		{A39859A2-EA8F-4F82-BE62-2CD684E2DDAC}.Release|iPhone.ActiveCfg = Release|Any CPU
		{A39859A2-EA8F-4F82-BE62-2CD684E2DDAC}.Release|iPhone.Build.0 = Release|Any CPU
		{A39859A2-EA8F-4F82-BE62-2CD684E2DDAC}.Release|iPhone.Deploy.0 = Release|Any CPU
		{A39859A2-EA8F-4F82-BE62-2CD684E2DDAC}.Release|iPhoneSimulator.ActiveCfg = Release|Any CPU
		{A39859A2-EA8F-4F82-BE62-2CD684E2DDAC}.Release|iPhoneSimulator.Build.0 = Release|Any CPU
		{A39859A2-EA8F-4F82-BE62-2CD684E2DDAC}.Release|iPhoneSimulator.Deploy.0 = Release|Any CPU
		{A39859A2-EA8F-4F82-BE62-2CD684E2DDAC}.Release|x64.ActiveCfg = Release|Any CPU
		{A39859A2-EA8F-4F82-BE62-2CD684E2DDAC}.Release|x64.Build.0 = Release|Any CPU
		{A39859A2-EA8F-4F82-BE62-2CD684E2DDAC}.Release|x64.Deploy.0 = Release|Any CPU
		{A39859A2-EA8F-4F82-BE62-2CD684E2DDAC}.Release|x86.ActiveCfg = Release|Any CPU
		{A39859A2-EA8F-4F82-BE62-2CD684E2DDAC}.Release|x86.Build.0 = Release|Any CPU
		{A39859A2-EA8F-4F82-BE62-2CD684E2DDAC}.Release|x86.Deploy.0 = Release|Any CPU
	EndGlobalSection
	GlobalSection(SolutionProperties) = preSolution
		HideSolutionNode = FALSE
	EndGlobalSection
	GlobalSection(ExtensibilityGlobals) = postSolution
		SolutionGuid = {5FB54419-5CDE-4D43-BF77-A7F7D882D102}
	EndGlobalSection
EndGlobal
